
Microsoft Visual Studio Solution File, Format Version 12.00
# Visual Studio 15
VisualStudioVersion = 15.0.27130.2026
MinimumVisualStudioVersion = 10.0.40219.1
Project("{9A19103F-16F7-4668-BE54-9A1E7A4F7556}") = "AnxPro.Api", "src\AnxPro.Api\AnxPro.Api.csproj", "{73851E7D-E4FF-49E0-926B-FD571278883F}"
EndProject
Project("{2150E333-8FDC-42A3-9474-1A3956D46DE8}") = "Documentation", "Documentation", "{B2F177FF-6EBB-43E0-AF49-A3BBEFDB54AD}"
	ProjectSection(SolutionItems) = preProject
		CHANGELOG.md = CHANGELOG.md
		LICENSE.txt = LICENSE.txt
		README.md = README.md
	EndProjectSection
EndProject
Project("{2150E333-8FDC-42A3-9474-1A3956D46DE8}") = "Solution Items", "Solution Items", "{BC441F33-CAFB-479D-8860-3DCFD3A500D2}"
	ProjectSection(SolutionItems) = preProject
		.editorconfig = .editorconfig
		.gitattributes = .gitattributes
		.gitignore = .gitignore
	EndProjectSection
EndProject
Global
	GlobalSection(SolutionConfigurationPlatforms) = preSolution
		Debug|Any CPU = Debug|Any CPU
		Release|Any CPU = Release|Any CPU
	EndGlobalSection
	GlobalSection(ProjectConfigurationPlatforms) = postSolution
		{73851E7D-E4FF-49E0-926B-FD571278883F}.Debug|Any CPU.ActiveCfg = Debug|Any CPU
		{73851E7D-E4FF-49E0-926B-FD571278883F}.Debug|Any CPU.Build.0 = Debug|Any CPU
		{73851E7D-E4FF-49E0-926B-FD571278883F}.Release|Any CPU.ActiveCfg = Release|Any CPU
		{73851E7D-E4FF-49E0-926B-FD571278883F}.Release|Any CPU.Build.0 = Release|Any CPU
	EndGlobalSection
	GlobalSection(SolutionProperties) = preSolution
		HideSolutionNode = FALSE
	EndGlobalSection
	GlobalSection(ExtensibilityGlobals) = postSolution
		SolutionGuid = {33AAE282-6677-4306-89A8-C912544E8D23}
	EndGlobalSection
EndGlobal
